
Microsoft Visual Studio Solution File, Format Version 12.00
# Visual Studio 15
VisualStudioVersion = 15.0.28307.271
MinimumVisualStudioVersion = 10.0.40219.1
Project("{FAE04EC0-301F-11D3-BF4B-00C04F79EFBC}") = "wsIntegracionGPS_BioSalc", "wsIntegracionGPS_BioSalc\wsIntegracionGPS_BioSalc.csproj", "{D837630A-033B-4CC4-AB88-5C3F1DDD94E2}"
EndProject
Project("{54435603-DBB4-11D2-8724-00A0C9A8B90C}") = "IntegracionGPSBioSalc", "IntegracionGPSBioSalc\IntegracionGPSBioSalc.vdproj", "{92D6290B-0E68-4DDE-B70A-F574DD8D567F}"
EndProject
Global
	GlobalSection(SolutionConfigurationPlatforms) = preSolution
		Debug|Any CPU = Debug|Any CPU
		Release|Any CPU = Release|Any CPU
	EndGlobalSection
	GlobalSection(ProjectConfigurationPlatforms) = postSolution
		{D837630A-033B-4CC4-AB88-5C3F1DDD94E2}.Debug|Any CPU.ActiveCfg = Debug|Any CPU
		{D837630A-033B-4CC4-AB88-5C3F1DDD94E2}.Debug|Any CPU.Build.0 = Debug|Any CPU
		{D837630A-033B-4CC4-AB88-5C3F1DDD94E2}.Release|Any CPU.ActiveCfg = Release|Any CPU
		{D837630A-033B-4CC4-AB88-5C3F1DDD94E2}.Release|Any CPU.Build.0 = Release|Any CPU
		{92D6290B-0E68-4DDE-B70A-F574DD8D567F}.Debug|Any CPU.ActiveCfg = Debug
		{92D6290B-0E68-4DDE-B70A-F574DD8D567F}.Release|Any CPU.ActiveCfg = Release
	EndGlobalSection
	GlobalSection(SolutionProperties) = preSolution
		HideSolutionNode = FALSE
	EndGlobalSection
	GlobalSection(ExtensibilityGlobals) = postSolution
		SolutionGuid = {413BC9D6-CD57-4706-8855-E9E6164EA01D}
	EndGlobalSection
EndGlobal
